github.com/Nigel2392/forms v1.0.1 h1:pYiiy1HVJ57W6k6ivvF3Kq6D9Ruk/KyoPvWvT0hm/IE=
github.com/Nigel2392/forms v1.0.1/go.mod h1:JsvT+nh63kdA/ER6Brr0Tbao0HPKKkim6Zmx1NQm/04=
github.com/Nigel2392/go-datastructures v1.0.7 h1:jbWe7Q1ylAQMC+bmD4RBf+hYVHL25+D8bwkTzoEJqqU=
github.com/Nigel2392/go-datastructures v1.0.7/go.mod h1:RNiDGkQM579UIEGwyDW5N/16s6abJNFMXx+iQvFWytg=
github.com/Nigel2392/go-html v1.0.1 h1:6YGDwbsz1h7PgV1P758qw/1IWYBmeJ+kUAf7SkY5Uwo=
github.com/Nigel2392/go-html v1.0.1/go.mod h1:H7HP952SQl9ws9rxyziwLfIo0rcpmWlCXF1/21KUYS4=
github.com/Nigel2392/go-signals v1.0.4 h1:SULZt+6AwtHmQDrt2TTzb1bYeoTr2kSUetN6aIa39Mg=
github.com/Nigel2392/go-signals v1.0.4/go.mod h1:Olk7MJlZ9gdGPN8bh+OZSe7iOsBixn7biVI7LqoWEIA=
github.com/Nigel2392/netcache v1.1.7 h1:917Gzc6LP0pQiW7149J5QY11/a61Lip6lHiMBpld3ts=
github.com/Nigel2392/netcache v1.1.7/go.mod h1:H7iUOq1KEQO7dXf9bmFDhHewUIbr0Y6CaCuP2x5aG/k=
github.com/Nigel2392/orderedmap v1.0.6 h1:LY+yXmir5j+aPck0qYhjrQuJoW1DjOIcJw5ighS2xlU=
github.com/Nigel2392/orderedmap v1.0.6/go.mod h1:hSixHbaKFK3CEjE/joQBVNbJbfDrcOkfJKi61kDyLRY=
github.com/Nigel2392/request-logger v1.0.3 h1:0njdKZW2WLL3sjguf7lt8D9u8ao/pyUCpUGO/IRTWGQ=
github.com/Nigel2392/request-logger v1.0.3/go.mod h1:83DtK/zReAp0aK08Z2fPyTVjyRukvCZZvb1o8vcbZdU=
github.com/Nigel2392/router/v3 v3.3.8 h1:PCTB67U0L6tcXl5graI9QM/NR6NdlsheJFjSPbCQBqQ=
github.com/Nigel2392/router/v3 v3.3.8/go.mod h1:+SiVJcyAr9suGJ3GK13ce+cFZH6vuJVfYi/eLVkVmkE=
github.com/Nigel2392/router/v3 v3.3.9 h1:5UJMw3hgnaArH7ixg+Mom33oABilAt4shxQnnAs33VA=
github.com/Nigel2392/router/v3 v3.3.9/go.mod h1:+SiVJcyAr9suGJ3GK13ce+cFZH6vuJVfYi/eLVkVmkE=
github.com/Nigel2392/routevars v1.1.1 h1:jiT3/6pvafnhYTxHPUMO7C7gxmBySn0/cnXPJkUQlpY=
github.com/Nigel2392/routevars v1.1.1/go.mod h1:NBOLgLWRaSXJraX53Q2fFpvbWKrfY2KsT8K5kz4fuMU=
github.com/Nigel2392/secret v1.0.0 h1:bu307FddauLkKJoEtY5QhdSC1Z8NKIf7hMbZqVt2Tqs=
github.com/Nigel2392/secret v1.0.0/go.mod h1:968Lu8m7RR1dlH4lXE80wIeLNPbUHkjcSFu3dguVF6c=
github.com/Nigel2392/tags v1.0.0 h1:KR7VZosoKjksv0uYQDQp03iOo7l04MhCZhCjDeLIChg=
github.com/Nigel2392/tags v1.0.0/go.mod h1:DDzJGymgpVSw0pjI7F7Qa7trBrGjlXaq1pE7jCCnagg=
github.com/Nigel2392/typeutils v1.1.1 h1:ZL8azlQKOAgHIFeHnvS+RnQ1z/CEG8iEOw1I43RdZMc=
github.com/Nigel2392/typeutils v1.1.1/go.mod h1:9Y8rV5c8ZfD2N9y+mtF9Kmy3OtDubcuevYeCQCLq/Sw=
github.com/alexedwards/scs/mysqlstore v0.0.0-20230327161757-10d4299e3b24 h1:1jXpX7IE/zuf9FZQJpqZNepXqW8mq6NLzplHDCA43HY=
github.com/alexedwards/scs/mysqlstore v0.0.0-20230327161757-10d4299e3b24/go.mod h1:ShejCOaSJCEjCWjc7YBrgy2xd0Kp+wiyBdzTNQrAGn4=
github.com/alexedwards/scs/v2 v2.5.1 h1:EhAz3Kb3OSQzD8T+Ub23fKsiuvE0GzbF5Lgn0uTwM3Y=
github.com/alexedwards/scs/v2 v2.5.1/go.mod h1:ToaROZxyKukJKT/xLcVQAChi5k6+Pn1Gvmdl7h3RRj8=
github.com/go-sql-driver/mysql v1.7.0 h1:ueSltNNllEqE3qcWBTD0iQd3IpL/6U+mJxLkazJ7YPc=
github.com/go-sql-driver/mysql v1.7.0/go.mod h1:OXbVy3sEdcQ2Doequ6Z5BW6fXNQTmx+9S1MCJN5yJMI=
github.com/google/uuid v1.3.0 h1:t6JiXgmwXMjEs8VusXIJk2BXHsn+wx8BZdTaoZ5fu7I=
github.com/google/uuid v1.3.0/go.mod h1:TIyPZe4MgqvfeYDBFedMoGGpEw/LqOeaOT+nhxU+yHo=
github.com/gosimple/slug v1.13.1 h1:bQ+kpX9Qa6tHRaK+fZR0A0M2Kd7Pa5eHPPsb1JpHD+Q=
github.com/gosimple/slug v1.13.1/go.mod h1:UiRaFH+GEilHstLUmcBgWcI42viBN7mAb818JrYOeFQ=
github.com/gosimple/unidecode v1.0.1 h1:hZzFTMMqSswvf0LBJZCZgThIZrpDHFXux9KeGmn6T/o=
github.com/gosimple/unidecode v1.0.1/go.mod h1:CP0Cr1Y1kogOtx0bJblKzsVWrqYaqfNOnHzpgWw4Awc=
github.com/jordan-wright/email v4.0.1-0.20210109023952-943e75fe5223+incompatible h1:jdpOPRN1zP63Td1hDQbZW73xKmzDvZHzVdNYxhnTMDA=
github.com/jordan-wright/email v4.0.1-0.20210109023952-943e75fe5223+incompatible/go.mod h1:1c7szIrayyPPB/987hsnvNzLushdWf4o/79s3P08L8A=
golang.org/x/crypto v0.8.0 h1:pd9TJtTueMTVQXzk8E2XESSMQDj/U7OUu0PqJqPXQjQ=
golang.org/x/crypto v0.8.0/go.mod h1:mRqEX+O9/h5TFCrQhkgjo2yKi0yYA+9ecGkdQoHrywE=
golang.org/x/exp v0.0.0-20230420155640-133eef4313cb h1:rhjz/8Mbfa8xROFiH+MQphmAmgqRM0bOMnytznhWEXk=
golang.org/x/exp v0.0.0-20230420155640-133eef4313cb/go.mod h1:V1LtkGg67GoY2N1AnLN78QLrzxkLyJw7RJb1gzOOz9w=
golang.org/x/sys v0.7.0 h1:3jlCCIQZPdOYu1h8BkNvLz8Kgwtae2cagcG/VamtZRU=
golang.org/x/sys v0.7.0/go.mod h1:oPkhp1MJrh7nUepCBck5+mAzfO9JrbApNNgaTdGDITg=
golang.org/x/term v0.7.0 h1:BEvjmm5fURWqcfbSKTdpkDXYBrUS1c0m8agp14W48vQ=
golang.org/x/term v0.7.0/go.mod h1:P32HKFT3hSsZrRxla30E9HqToFYAQPCMs/zFMBUFqPY=
golang.org/x/text v0.9.0 h1:2sjJmO8cDvYveuX97RDLsxlyUxLl+GHoLxBiRdHllBE=
golang.org/x/text v0.9.0/go.mod h1:e1OnstbJyHTd6l/uOt8jFFHp6TRDWZR/bV3emEE/zU8=
golang.org/x/time v0.3.0 h1:rg5rLMjNzMS1RkNLzCG38eapWhnYLFYXDXj2gOlr8j4=
golang.org/x/time v0.3.0/go.mod h1:tRJNPiyCQ0inRvYxbN9jk5I+vvW/OXSQhTDSoE431IQ=
