filippo.io/edwards25519 v1.1.0 h1:FNf4tywRC1HmFuKW5xopWpigGjJKiJSV0Cqo0cJWDaA=
github.com/Nigel2392/goldcrest v1.0.4 h1:Xx+QLht6QjJ3Gg9uksgc6Ye1XjbtzQ1208ClZwoVWsg=
github.com/Nigel2392/mux v1.3.8 h1:uebk5Ru3a8Lp4Ch3Mn8+xL+h3uWAUzyE2pAef+V62l4=
github.com/a-h/templ v0.3.833 h1:L/KOk/0VvVTBegtE0fp2RJQiBm7/52Zxv5fqlEHiQUU=
github.com/alexedwards/scs/v2 v2.8.0 h1:h31yUYoycPuL0zt14c0gd+oqxfRwIj6SOjHdKRZxhEw=
github.com/go-sql-driver/mysql v1.9.2 h1:4cNKDYQ1I84SXslGddlsrMhc8k4LeDVj6Ad6WRjiHuU=
github.com/google/go-cmp v0.6.0 h1:ofyhxvXcZhMsU5ulbFiLKl/XBFqE1GSq7atu8tAmTRI=
github.com/justinas/nosurf v1.1.1 h1:92Aw44hjSK4MxJeMSyDa7jwuI9GR2J/JCQiaKvXXSlk=
github.com/mattn/go-sqlite3 v1.14.28 h1:ThEiQrnbtumT+QMknw63Befp/ce/nUPgBPMlRFEum7A=
github.com/pkg/errors v0.9.1 h1:FEBLx1zS214owpjy7qsBeixbURkuhQAwrK5UwLGTwt4=
